{
  "name": "git-avatars",
  "version": "1.0.0",
  "lockfileVersion": 1,
  "requires": true,
  "dependencies": {
    "contrast": {
      "version": "1.0.1",
      "resolved": "https://registry.npmjs.org/contrast/-/contrast-1.0.1.tgz",
      "integrity": "sha1-g5xm2IUiadM/TrChuS2ZS90WOF4=",
      "requires": {
        "hex-to-rgb": "^1.0.0"
      }
    },
    "hex-to-rgb": {
      "version": "1.0.1",
      "resolved": "https://registry.npmjs.org/hex-to-rgb/-/hex-to-rgb-1.0.1.tgz",
      "integrity": "sha1-EAud8SazLydirfhIa+aMZe+O0qQ="
    }
  }
}
